{"version":4,"terraform_version":"1.11.5","serial":6,"lineage":"a6dce12e-272f-3102-d2d3-1430145d2538","outputs":{},"resources":[{"mode":"managed","type":"azurerm_linux_virtual_machine","name":"vm","provider":"provider[\"registry.opentofu.org/hashicorp/azurerm\"]","instances":[{"schema_version":0,"attributes":{"additional_capabilities":[],"admin_password":null,"admin_ssh_key":[{"public_key":"ssh-ed25519 AAAAC3NzaC1lZDI1NTE5AAAAIEZ9ktE4dM0ylLoQec6jtKb/HYFzZhXzjlHMWhmSgE/m jimmy@localhost.localdomain\n","username":"azureuser"}],"admin_username":"azureuser","allow_extension_operations":true,"availability_set_id":"","boot_diagnostics":[],"bypass_platform_safety_checks_on_user_schedule_enabled":false,"capacity_reservation_group_id":"","computer_name":"iiab-vm","custom_data":null,"dedicated_host_group_id":"","dedicated_host_id":"","disable_password_authentication":true,"disk_controller_type":"SCSI","edge_zone":"","encryption_at_host_enabled":false,"eviction_policy":"","extensions_time_budget":"PT1H30M","gallery_application":[],"id":"/subscriptions/ff95cccd-cbb7-41a2-b4ba-41917218c03c/resourceGroups/iiab/providers/Microsoft.Compute/virtualMachines/iiab-vm","identity":[],"license_type":"","location":"westus","max_bid_price":-1,"name":"iiab-vm","network_interface_ids":["/subscriptions/ff95cccd-cbb7-41a2-b4ba-41917218c03c/resourceGroups/iiab/providers/Microsoft.Network/networkInterfaces/iiab-nic"],"os_disk":[{"caching":"ReadWrite","diff_disk_settings":[],"disk_encryption_set_id":"","disk_size_gb":128,"id":"/subscriptions/ff95cccd-cbb7-41a2-b4ba-41917218c03c/resourceGroups/iiab/providers/Microsoft.Compute/disks/iiab-vm_OsDisk_1_c2b42f8649d448c1a5a0445c4078bb7b","name":"iiab-vm_OsDisk_1_c2b42f8649d448c1a5a0445c4078bb7b","secure_vm_disk_encryption_set_id":"","security_encryption_type":"","storage_account_type":"Standard_LRS","write_accelerator_enabled":false}],"os_image_notification":[],"os_managed_disk_id":"/subscriptions/ff95cccd-cbb7-41a2-b4ba-41917218c03c/resourceGroups/iiab/providers/Microsoft.Compute/disks/iiab-vm_OsDisk_1_c2b42f8649d448c1a5a0445c4078bb7b","patch_assessment_mode":"ImageDefault","patch_mode":"ImageDefault","plan":[],"platform_fault_domain":-1,"priority":"Regular","private_ip_address":"10.0.2.4","private_ip_addresses":["10.0.2.4"],"provision_vm_agent":true,"proximity_placement_group_id":"","public_ip_address":"52.160.167.26","public_ip_addresses":["52.160.167.26"],"reboot_setting":"","resource_group_name":"iiab","secret":[],"secure_boot_enabled":false,"size":"Standard_B2als_v2","source_image_id":"","source_image_reference":[{"offer":"ubuntu-24_04-lts","publisher":"Canonical","sku":"server","version":"latest"}],"tags":null,"termination_notification":null,"timeouts":null,"user_data":"","virtual_machine_id":"9ff1be05-a870-4f44-84ca-56105b41eef0","virtual_machine_scale_set_id":"","vm_agent_platform_updates_enabled":false,"vtpm_enabled":false,"zone":""},"sensitive_attributes":[[{"type":"get_attr","value":"admin_password"}],[{"type":"get_attr","value":"custom_data"}]],"private":"eyJlMmJmYjczMC1lY2FhLTExZTYtOGY4OC0zNDM2M2JjN2M0YzAiOnsiY3JlYXRlIjoyNzAwMDAwMDAwMDAwLCJkZWxldGUiOjI3MDAwMDAwMDAwMDAsInJlYWQiOjMwMDAwMDAwMDAwMCwidXBkYXRlIjoyNzAwMDAwMDAwMDAwfX0=","dependencies":["azurerm_network_interface.main","azurerm_public_ip.publicIP","azurerm_resource_group.main","azurerm_subnet.internal","azurerm_virtual_network.main"]}]},{"mode":"managed","type":"azurerm_network_interface","name":"main","provider":"provider[\"registry.opentofu.org/hashicorp/azurerm\"]","instances":[{"schema_version":0,"attributes":{"accelerated_networking_enabled":false,"applied_dns_servers":[],"auxiliary_mode":"","auxiliary_sku":"","dns_servers":null,"edge_zone":"","id":"/subscriptions/ff95cccd-cbb7-41a2-b4ba-41917218c03c/resourceGroups/iiab/providers/Microsoft.Network/networkInterfaces/iiab-nic","internal_dns_name_label":"","internal_domain_name_suffix":"uooje2ncgfce1pinfgb42ghfec.dx.internal.cloudapp.net","ip_configuration":[{"gateway_load_balancer_frontend_ip_configuration_id":"","name":"testconfiguration1","primary":true,"private_ip_address":"10.0.2.4","private_ip_address_allocation":"Dynamic","private_ip_address_version":"IPv4","public_ip_address_id":"/subscriptions/ff95cccd-cbb7-41a2-b4ba-41917218c03c/resourceGroups/iiab/providers/Microsoft.Network/publicIPAddresses/iiab-PublicIP","subnet_id":"/subscriptions/ff95cccd-cbb7-41a2-b4ba-41917218c03c/resourceGroups/iiab/providers/Microsoft.Network/virtualNetworks/iiab-network/subnets/internal"}],"ip_forwarding_enabled":false,"location":"westus","mac_address":"","name":"iiab-nic","private_ip_address":"10.0.2.4","private_ip_addresses":["10.0.2.4"],"resource_group_name":"iiab","tags":null,"timeouts":null,"virtual_machine_id":""},"sensitive_attributes":[],"private":"eyJlMmJmYjczMC1lY2FhLTExZTYtOGY4OC0zNDM2M2JjN2M0YzAiOnsiY3JlYXRlIjoxODAwMDAwMDAwMDAwLCJkZWxldGUiOjE4MDAwMDAwMDAwMDAsInJlYWQiOjMwMDAwMDAwMDAwMCwidXBkYXRlIjoxODAwMDAwMDAwMDAwfX0=","dependencies":["azurerm_public_ip.publicIP","azurerm_resource_group.main","azurerm_subnet.internal","azurerm_virtual_network.main"]}]},{"mode":"managed","type":"azurerm_public_ip","name":"publicIP","provider":"provider[\"registry.opentofu.org/hashicorp/azurerm\"]","instances":[{"schema_version":0,"attributes":{"allocation_method":"Dynamic","ddos_protection_mode":"VirtualNetworkInherited","ddos_protection_plan_id":null,"domain_name_label":null,"domain_name_label_scope":null,"edge_zone":"","fqdn":null,"id":"/subscriptions/ff95cccd-cbb7-41a2-b4ba-41917218c03c/resourceGroups/iiab/providers/Microsoft.Network/publicIPAddresses/iiab-PublicIP","idle_timeout_in_minutes":4,"ip_address":"","ip_tags":null,"ip_version":"IPv4","location":"westus","name":"iiab-PublicIP","public_ip_prefix_id":null,"resource_group_name":"iiab","reverse_fqdn":null,"sku":"Basic","sku_tier":"Regional","tags":null,"timeouts":null,"zones":null},"sensitive_attributes":[],"private":"eyJlMmJmYjczMC1lY2FhLTExZTYtOGY4OC0zNDM2M2JjN2M0YzAiOnsiY3JlYXRlIjoxODAwMDAwMDAwMDAwLCJkZWxldGUiOjE4MDAwMDAwMDAwMDAsInJlYWQiOjMwMDAwMDAwMDAwMCwidXBkYXRlIjoxODAwMDAwMDAwMDAwfX0=","dependencies":["azurerm_resource_group.main"]}]},{"mode":"managed","type":"azurerm_resource_group","name":"main","provider":"provider[\"registry.opentofu.org/hashicorp/azurerm\"]","instances":[{"schema_version":0,"attributes":{"id":"/subscriptions/ff95cccd-cbb7-41a2-b4ba-41917218c03c/resourceGroups/iiab","location":"westus","managed_by":"","name":"iiab","tags":null,"timeouts":null},"sensitive_attributes":[],"private":"eyJlMmJmYjczMC1lY2FhLTExZTYtOGY4OC0zNDM2M2JjN2M0YzAiOnsiY3JlYXRlIjo1NDAwMDAwMDAwMDAwLCJkZWxldGUiOjU0MDAwMDAwMDAwMDAsInJlYWQiOjMwMDAwMDAwMDAwMCwidXBkYXRlIjo1NDAwMDAwMDAwMDAwfX0="}]},{"mode":"managed","type":"azurerm_subnet","name":"internal","provider":"provider[\"registry.opentofu.org/hashicorp/azurerm\"]","instances":[{"schema_version":0,"attributes":{"address_prefixes":["10.0.2.0/24"],"default_outbound_access_enabled":true,"delegation":[],"id":"/subscriptions/ff95cccd-cbb7-41a2-b4ba-41917218c03c/resourceGroups/iiab/providers/Microsoft.Network/virtualNetworks/iiab-network/subnets/internal","ip_address_pool":[],"name":"internal","private_endpoint_network_policies":"Disabled","private_link_service_network_policies_enabled":true,"resource_group_name":"iiab","service_endpoint_policy_ids":null,"service_endpoints":null,"sharing_scope":"","timeouts":null,"virtual_network_name":"iiab-network"},"sensitive_attributes":[],"private":"eyJlMmJmYjczMC1lY2FhLTExZTYtOGY4OC0zNDM2M2JjN2M0YzAiOnsiY3JlYXRlIjoxODAwMDAwMDAwMDAwLCJkZWxldGUiOjE4MDAwMDAwMDAwMDAsInJlYWQiOjMwMDAwMDAwMDAwMCwidXBkYXRlIjoxODAwMDAwMDAwMDAwfX0=","dependencies":["azurerm_resource_group.main","azurerm_virtual_network.main"]}]},{"mode":"managed","type":"azurerm_virtual_network","name":"main","provider":"provider[\"registry.opentofu.org/hashicorp/azurerm\"]","instances":[{"schema_version":0,"attributes":{"address_space":["10.0.0.0/16"],"bgp_community":"","ddos_protection_plan":[],"dns_servers":[],"edge_zone":"","encryption":[],"flow_timeout_in_minutes":0,"guid":"71929ca3-31a2-4d44-bd0d-2983ee18e522","id":"/subscriptions/ff95cccd-cbb7-41a2-b4ba-41917218c03c/resourceGroups/iiab/providers/Microsoft.Network/virtualNetworks/iiab-network","ip_address_pool":[],"location":"westus","name":"iiab-network","private_endpoint_vnet_policies":"Disabled","resource_group_name":"iiab","subnet":[],"tags":null,"timeouts":null},"sensitive_attributes":[],"private":"eyJlMmJmYjczMC1lY2FhLTExZTYtOGY4OC0zNDM2M2JjN2M0YzAiOnsiY3JlYXRlIjoxODAwMDAwMDAwMDAwLCJkZWxldGUiOjE4MDAwMDAwMDAwMDAsInJlYWQiOjMwMDAwMDAwMDAwMCwidXBkYXRlIjoxODAwMDAwMDAwMDAwfX0=","dependencies":["azurerm_resource_group.main"]}]}],"check_results":null}
